
Microsoft Visual Studio Solution File, Format Version 12.00
# Visual Studio Version 17
VisualStudioVersion = 17.8.34511.84
MinimumVisualStudioVersion = 10.0.40219.1
Project("{FAE04EC0-301F-11D3-BF4B-00C04F79EFBC}") = "AATVV3_CJ3022641", "AATVV3_CJ3022641\AATVV3_CJ3022641.csproj", "{983DA42F-244C-4D04-BE01-8B55AF6AF71A}"
EndProject
Global
	GlobalSection(SolutionConfigurationPlatforms) = preSolution
		Debug|Any CPU = Debug|Any CPU
		Release|Any CPU = Release|Any CPU
	EndGlobalSection
	GlobalSection(ProjectConfigurationPlatforms) = postSolution
		{983DA42F-244C-4D04-BE01-8B55AF6AF71A}.Debug|Any CPU.ActiveCfg = Debug|Any CPU
		{983DA42F-244C-4D04-BE01-8B55AF6AF71A}.Debug|Any CPU.Build.0 = Debug|Any CPU
		{983DA42F-244C-4D04-BE01-8B55AF6AF71A}.Release|Any CPU.ActiveCfg = Release|Any CPU
		{983DA42F-244C-4D04-BE01-8B55AF6AF71A}.Release|Any CPU.Build.0 = Release|Any CPU
	EndGlobalSection
	GlobalSection(SolutionProperties) = preSolution
		HideSolutionNode = FALSE
	EndGlobalSection
	GlobalSection(ExtensibilityGlobals) = postSolution
		SolutionGuid = {CE4373EC-6D00-4C6D-893A-0486B66F3270}
	EndGlobalSection
EndGlobal
